
Microsoft Visual Studio Solution File, Format Version 11.00
# Visual Studio 2010
Project("{FAE04EC0-301F-11D3-BF4B-00C04F79EFBC}") = "NotForTheFaintOfHeart", "Assembly-CSharp-firstpass.csproj", "{743B029A-E54C-F5B2-6C68-EAFBE549EC63}"
EndProject
Project("{FAE04EC0-301F-11D3-BF4B-00C04F79EFBC}") = "NotForTheFaintOfHeart", "Assembly-CSharp.csproj", "{3583B6B6-4505-3CCE-93FD-E307D73BCE88}"
EndProject
Project("{FAE04EC0-301F-11D3-BF4B-00C04F79EFBC}") = "NotForTheFaintOfHeart", "Assembly-CSharp-Editor-firstpass.csproj", "{0DEB1527-BA7F-9632-8B26-9FD53BF833EC}"
EndProject
Project("{FAE04EC0-301F-11D3-BF4B-00C04F79EFBC}") = "NotForTheFaintOfHeart", "Assembly-CSharp-Editor.csproj", "{88DF3BF7-7464-B014-CA00-003AD3531136}"
EndProject
Global
	GlobalSection(SolutionConfigurationPlatforms) = preSolution
		Debug|Any CPU = Debug|Any CPU
		Release|Any CPU = Release|Any CPU
	EndGlobalSection
	GlobalSection(ProjectConfigurationPlatforms) = postSolution
		{743B029A-E54C-F5B2-6C68-EAFBE549EC63}.Debug|Any CPU.ActiveCfg = Debug|Any CPU
		{743B029A-E54C-F5B2-6C68-EAFBE549EC63}.Debug|Any CPU.Build.0 = Debug|Any CPU
		{743B029A-E54C-F5B2-6C68-EAFBE549EC63}.Release|Any CPU.ActiveCfg = Release|Any CPU
		{743B029A-E54C-F5B2-6C68-EAFBE549EC63}.Release|Any CPU.Build.0 = Release|Any CPU
		{3583B6B6-4505-3CCE-93FD-E307D73BCE88}.Debug|Any CPU.ActiveCfg = Debug|Any CPU
		{3583B6B6-4505-3CCE-93FD-E307D73BCE88}.Debug|Any CPU.Build.0 = Debug|Any CPU
		{3583B6B6-4505-3CCE-93FD-E307D73BCE88}.Release|Any CPU.ActiveCfg = Release|Any CPU
		{3583B6B6-4505-3CCE-93FD-E307D73BCE88}.Release|Any CPU.Build.0 = Release|Any CPU
		{0DEB1527-BA7F-9632-8B26-9FD53BF833EC}.Debug|Any CPU.ActiveCfg = Debug|Any CPU
		{0DEB1527-BA7F-9632-8B26-9FD53BF833EC}.Debug|Any CPU.Build.0 = Debug|Any CPU
		{0DEB1527-BA7F-9632-8B26-9FD53BF833EC}.Release|Any CPU.ActiveCfg = Release|Any CPU
		{0DEB1527-BA7F-9632-8B26-9FD53BF833EC}.Release|Any CPU.Build.0 = Release|Any CPU
		{88DF3BF7-7464-B014-CA00-003AD3531136}.Debug|Any CPU.ActiveCfg = Debug|Any CPU
		{88DF3BF7-7464-B014-CA00-003AD3531136}.Debug|Any CPU.Build.0 = Debug|Any CPU
		{88DF3BF7-7464-B014-CA00-003AD3531136}.Release|Any CPU.ActiveCfg = Release|Any CPU
		{88DF3BF7-7464-B014-CA00-003AD3531136}.Release|Any CPU.Build.0 = Release|Any CPU
	EndGlobalSection
	GlobalSection(SolutionProperties) = preSolution
		HideSolutionNode = FALSE
	EndGlobalSection
	GlobalSection(MonoDevelopProperties) = preSolution
		StartupItem = Assembly-CSharp.csproj
	EndGlobalSection
EndGlobal
